
Microsoft Visual Studio Solution File, Format Version 12.00
# Visual Studio Version 17
VisualStudioVersion = 17.11.35312.102
MinimumVisualStudioVersion = 10.0.40219.1
Project("{8BC9CEB8-8B4A-11D0-8D11-00A0C91BC942}") = "FakeHttpClient", "FakeHttpClient.vcxproj", "{96C6DD71-0FAF-4C6E-AF98-CF970924436B}"
EndProject
Global
	GlobalSection(SolutionConfigurationPlatforms) = preSolution
		Debug|ARM64 = Debug|ARM64
		Debug|x64 = Debug|x64
		Debug|x86 = Debug|x86
		Release|ARM64 = Release|ARM64
		Release|x64 = Release|x64
		Release|x86 = Release|x86
	EndGlobalSection
	GlobalSection(ProjectConfigurationPlatforms) = postSolution
		{96C6DD71-0FAF-4C6E-AF98-CF970924436B}.Debug|ARM64.ActiveCfg = Debug|ARM64
		{96C6DD71-0FAF-4C6E-AF98-CF970924436B}.Debug|ARM64.Build.0 = Debug|ARM64
		{96C6DD71-0FAF-4C6E-AF98-CF970924436B}.Debug|x64.ActiveCfg = Debug|x64
		{96C6DD71-0FAF-4C6E-AF98-CF970924436B}.Debug|x64.Build.0 = Debug|x64
		{96C6DD71-0FAF-4C6E-AF98-CF970924436B}.Debug|x86.ActiveCfg = Debug|Win32
		{96C6DD71-0FAF-4C6E-AF98-CF970924436B}.Debug|x86.Build.0 = Debug|Win32
		{96C6DD71-0FAF-4C6E-AF98-CF970924436B}.Release|ARM64.ActiveCfg = Release|ARM64
		{96C6DD71-0FAF-4C6E-AF98-CF970924436B}.Release|ARM64.Build.0 = Release|ARM64
		{96C6DD71-0FAF-4C6E-AF98-CF970924436B}.Release|x64.ActiveCfg = Release|x64
		{96C6DD71-0FAF-4C6E-AF98-CF970924436B}.Release|x64.Build.0 = Release|x64
		{96C6DD71-0FAF-4C6E-AF98-CF970924436B}.Release|x86.ActiveCfg = Release|Win32
		{96C6DD71-0FAF-4C6E-AF98-CF970924436B}.Release|x86.Build.0 = Release|Win32
	EndGlobalSection
	GlobalSection(SolutionProperties) = preSolution
		HideSolutionNode = FALSE
	EndGlobalSection
	GlobalSection(ExtensibilityGlobals) = postSolution
		SolutionGuid = {F9A96BD5-983A-4E34-8D1C-AE15E6FFAF30}
	EndGlobalSection
EndGlobal
